{
	"name": "vue-boilerplate",
	"version": "1.0.0",
	"lockfileVersion": 1,
	"requires": true,
	"dependencies": {
		"@feathersjs/authentication-client": {
			"version": "1.0.2",
			"resolved": "https://registry.npmjs.org/@feathersjs/authentication-client/-/authentication-client-1.0.2.tgz",
			"integrity": "sha512-uZfWWMLqNkXcGi5bCuvQwLjBWvUhHtGjK4yZJh3KIHFAESBlQ4/TlqI/JRz2RuswfGfbyNtj9ARPam71YCGOpw==",
			"requires": {
				"@feathersjs/errors": "^3.0.0",
				"debug": "^3.1.0",
				"jwt-decode": "^2.1.0"
			},
			"dependencies": {
				"@feathersjs/errors": {
					"version": "3.3.0",
					"resolved": "https://registry.npmjs.org/@feathersjs/errors/-/errors-3.3.0.tgz",
					"integrity": "sha512-9oYAhAj4CKIix5KITRDEzvyNJNIaqNde5lGqmrQLw4pTuyWMvx9tgBhtXPA0l8lS1KnMKw4Qf1gHo6aKrM+OyQ==",
					"requires": {
						"debug": "^3.1.0"
					}
				}
			}
		},
		"@feathersjs/client": {
			"version": "3.5.3",
			"resolved": "https://registry.npmjs.org/@feathersjs/client/-/client-3.5.3.tgz",
			"integrity": "sha512-49pqH0gzwnoWbxqQ0RFRPDiQv9DPBmw2wZCEzh8cXjNjdeS+kN3Nx0QDVngrUSPYZmObYDMipw7v2eLWrdVrgg==",
			"requires": {
				"@feathersjs/authentication-client": "1.0.2",
				"@feathersjs/errors": "3.3.0",
				"@feathersjs/feathers": "3.1.7",
				"@feathersjs/primus-client": "1.1.0",
				"@feathersjs/rest-client": "1.4.1",
				"@feathersjs/socketio-client": "1.1.0"
			},
			"dependencies": {
				"@feathersjs/errors": {
					"version": "3.3.0",
					"resolved": "https://registry.npmjs.org/@feathersjs/errors/-/errors-3.3.0.tgz",
					"integrity": "sha512-9oYAhAj4CKIix5KITRDEzvyNJNIaqNde5lGqmrQLw4pTuyWMvx9tgBhtXPA0l8lS1KnMKw4Qf1gHo6aKrM+OyQ==",
					"requires": {
						"debug": "^3.1.0"
					}
				},
				"@feathersjs/feathers": {
					"version": "3.1.7",
					"resolved": "https://registry.npmjs.org/@feathersjs/feathers/-/feathers-3.1.7.tgz",
					"integrity": "sha512-4h8ymAw/yK0jnF9xFgeWi2zhj51VHoE94K3y65TLORN7KVUpHMlgaOtSLHNKEDCcFeordOpBGw/Z0Fq58i0+WA==",
					"requires": {
						"@feathersjs/commons": "^1.4.1",
						"debug": "^3.1.0",
						"events": "^3.0.0",
						"uberproto": "^2.0.2"
					}
				}
			}
		},
		"@feathersjs/commons": {
			"version": "1.4.1",
			"resolved": "https://registry.npmjs.org/@feathersjs/commons/-/commons-1.4.1.tgz",
			"integrity": "sha512-hs3Tz0JV/nwd14B9s+mv4SG+Tll9pDxqEn2wuc5CzL4I2vc1+EnwnhpOkokvQMTAdzsaxwOLoQ4y1BPm6WmMNA=="
		},
		"@feathersjs/primus-client": {
			"version": "1.1.0",
			"resolved": "https://registry.npmjs.org/@feathersjs/primus-client/-/primus-client-1.1.0.tgz",
			"integrity": "sha512-a6zczmbHF7Rmm/KHNMIlD6CNEjdhbFkCHxdBaM+CaKMb9tkW8sNdR4Pc1VA/t8CRUqOSECPE9mk141MwoKwQRA==",
			"requires": {
				"@feathersjs/transport-commons": "^4.0.0"
			}
		},
		"@feathersjs/rest-client": {
			"version": "1.4.1",
			"resolved": "https://registry.npmjs.org/@feathersjs/rest-client/-/rest-client-1.4.1.tgz",
			"integrity": "sha512-DoeZdh/O+7Pi2HccwupWT9ctOIWQM9Zn+a0jXrNFPGwo5LqOQIi04rqfzZjQ04oFY3CcfZZdxwdBlTwZhPuusA==",
			"requires": {
				"@feathersjs/commons": "^1.2.0",
				"@feathersjs/errors": "^3.0.0",
				"qs": "^6.5.0"
			},
			"dependencies": {
				"@feathersjs/errors": {
					"version": "3.3.0",
					"resolved": "https://registry.npmjs.org/@feathersjs/errors/-/errors-3.3.0.tgz",
					"integrity": "sha512-9oYAhAj4CKIix5KITRDEzvyNJNIaqNde5lGqmrQLw4pTuyWMvx9tgBhtXPA0l8lS1KnMKw4Qf1gHo6aKrM+OyQ==",
					"requires": {
						"debug": "^3.1.0"
					}
				}
			}
		},
		"@feathersjs/socketio-client": {
			"version": "1.1.0",
			"resolved": "https://registry.npmjs.org/@feathersjs/socketio-client/-/socketio-client-1.1.0.tgz",
			"integrity": "sha512-2ry9vX8qIF1Nax3G3r121Utsnj5NQbGgBG7K0M3RTJc+93Gg46BrnLVMFKue5fz2YTIOpHfHDRu1qqbddTJLXQ==",
			"requires": {
				"@feathersjs/transport-commons": "^4.0.0"
			}
		},
		"@feathersjs/transport-commons": {
			"version": "4.1.0",
			"resolved": "https://registry.npmjs.org/@feathersjs/transport-commons/-/transport-commons-4.1.0.tgz",
			"integrity": "sha512-Au/afYBYEnCi8ONWa8k+hBR0jUrEvQQ1DIqwW5fBfzhv5Ce1zUrAhYXR4B/1isrty9HfSr8TgyNTw2oWIn9Org==",
			"requires": {
				"@feathersjs/commons": "^1.4.0",
				"@feathersjs/errors": "^3.0.0",
				"debug": "^3.1.0",
				"lodash": "^4.17.10",
				"radix-router": "^3.0.1"
			},
			"dependencies": {
				"@feathersjs/errors": {
					"version": "3.3.0",
					"resolved": "https://registry.npmjs.org/@feathersjs/errors/-/errors-3.3.0.tgz",
					"integrity": "sha512-9oYAhAj4CKIix5KITRDEzvyNJNIaqNde5lGqmrQLw4pTuyWMvx9tgBhtXPA0l8lS1KnMKw4Qf1gHo6aKrM+OyQ==",
					"requires": {
						"debug": "^3.1.0"
					}
				}
			}
		},
		"debug": {
			"version": "3.1.0",
			"resolved": "https://registry.npmjs.org/debug/-/debug-3.1.0.tgz",
			"integrity": "sha512-OX8XqP7/1a9cqkxYw2yXss15f26NKWBpDXQd0/uK/KPqdQhxbPa994hnzjcE2VqQpDslf55723cKPUOGSmMY3g==",
			"requires": {
				"ms": "2.0.0"
			}
		},
		"events": {
			"version": "3.0.0",
			"resolved": "https://registry.npmjs.org/events/-/events-3.0.0.tgz",
			"integrity": "sha512-Dc381HFWJzEOhQ+d8pkNon++bk9h6cdAoAj4iE6Q4y6xgTzySWXlKn05/TVNpjnfRqi/X0EpJEJohPjNI3zpVA=="
		},
		"jwt-decode": {
			"version": "2.2.0",
			"resolved": "https://registry.npmjs.org/jwt-decode/-/jwt-decode-2.2.0.tgz",
			"integrity": "sha1-fYa9VmefWM5qhHBKZX3TkruoGnk="
		},
		"lodash": {
			"version": "4.17.10",
			"resolved": "https://registry.npmjs.org/lodash/-/lodash-4.17.10.tgz",
			"integrity": "sha512-UejweD1pDoXu+AD825lWwp4ZGtSwgnpZxb3JDViD7StjQz+Nb/6l093lx4OQ0foGWNRoc19mWy7BzL+UAK2iVg=="
		},
		"ms": {
			"version": "2.0.0",
			"resolved": "https://registry.npmjs.org/ms/-/ms-2.0.0.tgz",
			"integrity": "sha1-VgiurfwAvmwpAd9fmGF4jeDVl8g="
		},
		"qs": {
			"version": "6.5.2",
			"resolved": "https://registry.npmjs.org/qs/-/qs-6.5.2.tgz",
			"integrity": "sha512-N5ZAX4/LxJmF+7wN74pUD6qAh9/wnvdQcjq9TZjevvXzSUo7bfmw91saqMjzGS2xq91/odN2dW/WOl7qQHNDGA=="
		},
		"radix-router": {
			"version": "3.0.1",
			"resolved": "https://registry.npmjs.org/radix-router/-/radix-router-3.0.1.tgz",
			"integrity": "sha512-jpHXHgP+ZmVzEfmZ7WVRSvc/EqMoAqYuMtBsHd9s47Hs9Iy8FDJhkweMrDH0wmdxanLzVIWhq0UpomLXNpW8tg=="
		},
		"uberproto": {
			"version": "2.0.3",
			"resolved": "https://registry.npmjs.org/uberproto/-/uberproto-2.0.3.tgz",
			"integrity": "sha512-TFEyMv0ofimpBPmm7iFuInqcQyGgAd2E3oAUxXRk+7amilcrQ+/Ql/DxwxNRWciS7mHLX5Qog0FQ7r5X8mI+RQ=="
		},
		"vue-router": {
			"version": "3.0.1",
			"resolved": "https://registry.npmjs.org/vue-router/-/vue-router-3.0.1.tgz",
			"integrity": "sha512-vLLoY452L+JBpALMP5UHum9+7nzR9PeIBCghU9ZtJ1eWm6ieUI8Zb/DI3MYxH32bxkjzYV1LRjNv4qr8d+uX/w=="
		},
		"vuex": {
			"version": "3.0.1",
			"resolved": "https://registry.npmjs.org/vuex/-/vuex-3.0.1.tgz",
			"integrity": "sha512-wLoqz0B7DSZtgbWL1ShIBBCjv22GV5U+vcBFox658g6V0s4wZV9P4YjCNyoHSyIBpj1f29JBoNQIqD82cR4O3w=="
		}
	}
}
